
Microsoft Visual Studio Solution File, Format Version 12.00
# Visual Studio Version 17
VisualStudioVersion = 17.4.33027.239
MinimumVisualStudioVersion = 10.0.40219.1
Project("{FAE04EC0-301F-11D3-BF4B-00C04F79EFBC}") = "GenericLinkedList.Tests", "GenericLinkedList.Tests\GenericLinkedList.Tests.csproj", "{3E457D06-96E6-46A0-AFCD-A8E051EBFD1C}"
EndProject
Global
	GlobalSection(SolutionConfigurationPlatforms) = preSolution
		Debug|Any CPU = Debug|Any CPU
		Release|Any CPU = Release|Any CPU
	EndGlobalSection
	GlobalSection(ProjectConfigurationPlatforms) = postSolution
		{3E457D06-96E6-46A0-AFCD-A8E051EBFD1C}.Debug|Any CPU.ActiveCfg = Debug|Any CPU
		{3E457D06-96E6-46A0-AFCD-A8E051EBFD1C}.Debug|Any CPU.Build.0 = Debug|Any CPU
		{3E457D06-96E6-46A0-AFCD-A8E051EBFD1C}.Release|Any CPU.ActiveCfg = Release|Any CPU
		{3E457D06-96E6-46A0-AFCD-A8E051EBFD1C}.Release|Any CPU.Build.0 = Release|Any CPU
	EndGlobalSection
	GlobalSection(SolutionProperties) = preSolution
		HideSolutionNode = FALSE
	EndGlobalSection
	GlobalSection(ExtensibilityGlobals) = postSolution
		SolutionGuid = {F118D079-1E0A-4072-8516-E04DD8BB8958}
	EndGlobalSection
EndGlobal
